
Microsoft Visual Studio Solution File, Format Version 12.00
# Visual Studio 2012
Project("{FAE04EC0-301F-11D3-BF4B-00C04F79EFBC}") = "Prometheus", "Prometheus\Prometheus.csproj", "{0F5574D0-9289-43C3-A86D-04302D7AB9D8}"
EndProject
Project("{FAE04EC0-301F-11D3-BF4B-00C04F79EFBC}") = "PrometheusTest", "PrometheusTest\PrometheusTest.csproj", "{93DD7D7C-A273-42EC-9127-ED71B75DF0F5}"
EndProject
Project("{FAE04EC0-301F-11D3-BF4B-00C04F79EFBC}") = "Logging", "..\gems-logger\Logging\Logging.csproj", "{501504DE-66C8-4430-B469-E1746BFB2D17}"
EndProject
Project("{FAE04EC0-301F-11D3-BF4B-00C04F79EFBC}") = "Fire", "Fire\Fire.csproj", "{B234AF3E-1249-4373-B433-91A1B7C29A8D}"
EndProject
Project("{FAE04EC0-301F-11D3-BF4B-00C04F79EFBC}") = "GemsCLI", "..\gems-cli\GemsCLI\GemsCLI.csproj", "{B073533B-E6CF-410E-9FD7-EB0014FA26C6}"
EndProject
Project("{FAE04EC0-301F-11D3-BF4B-00C04F79EFBC}") = "FireTest", "FireTest\FireTest.csproj", "{10CAADC8-9B3E-4D54-880C-92D26B99F5C0}"
EndProject
Global
	GlobalSection(SolutionConfigurationPlatforms) = preSolution
		Debug|Any CPU = Debug|Any CPU
		Release|Any CPU = Release|Any CPU
	EndGlobalSection
	GlobalSection(ProjectConfigurationPlatforms) = postSolution
		{0F5574D0-9289-43C3-A86D-04302D7AB9D8}.Debug|Any CPU.ActiveCfg = Debug|Any CPU
		{0F5574D0-9289-43C3-A86D-04302D7AB9D8}.Debug|Any CPU.Build.0 = Debug|Any CPU
		{0F5574D0-9289-43C3-A86D-04302D7AB9D8}.Release|Any CPU.ActiveCfg = Release|Any CPU
		{0F5574D0-9289-43C3-A86D-04302D7AB9D8}.Release|Any CPU.Build.0 = Release|Any CPU
		{93DD7D7C-A273-42EC-9127-ED71B75DF0F5}.Debug|Any CPU.ActiveCfg = Debug|Any CPU
		{93DD7D7C-A273-42EC-9127-ED71B75DF0F5}.Debug|Any CPU.Build.0 = Debug|Any CPU
		{93DD7D7C-A273-42EC-9127-ED71B75DF0F5}.Release|Any CPU.ActiveCfg = Release|Any CPU
		{93DD7D7C-A273-42EC-9127-ED71B75DF0F5}.Release|Any CPU.Build.0 = Release|Any CPU
		{501504DE-66C8-4430-B469-E1746BFB2D17}.Debug|Any CPU.ActiveCfg = Debug|Any CPU
		{501504DE-66C8-4430-B469-E1746BFB2D17}.Debug|Any CPU.Build.0 = Debug|Any CPU
		{501504DE-66C8-4430-B469-E1746BFB2D17}.Release|Any CPU.ActiveCfg = Release|Any CPU
		{501504DE-66C8-4430-B469-E1746BFB2D17}.Release|Any CPU.Build.0 = Release|Any CPU
		{B234AF3E-1249-4373-B433-91A1B7C29A8D}.Debug|Any CPU.ActiveCfg = Debug|Any CPU
		{B234AF3E-1249-4373-B433-91A1B7C29A8D}.Debug|Any CPU.Build.0 = Debug|Any CPU
		{B234AF3E-1249-4373-B433-91A1B7C29A8D}.Release|Any CPU.ActiveCfg = Release|Any CPU
		{B234AF3E-1249-4373-B433-91A1B7C29A8D}.Release|Any CPU.Build.0 = Release|Any CPU
		{B073533B-E6CF-410E-9FD7-EB0014FA26C6}.Debug|Any CPU.ActiveCfg = Debug|Any CPU
		{B073533B-E6CF-410E-9FD7-EB0014FA26C6}.Debug|Any CPU.Build.0 = Debug|Any CPU
		{B073533B-E6CF-410E-9FD7-EB0014FA26C6}.Release|Any CPU.ActiveCfg = Release|Any CPU
		{B073533B-E6CF-410E-9FD7-EB0014FA26C6}.Release|Any CPU.Build.0 = Release|Any CPU
		{10CAADC8-9B3E-4D54-880C-92D26B99F5C0}.Debug|Any CPU.ActiveCfg = Debug|Any CPU
		{10CAADC8-9B3E-4D54-880C-92D26B99F5C0}.Debug|Any CPU.Build.0 = Debug|Any CPU
		{10CAADC8-9B3E-4D54-880C-92D26B99F5C0}.Release|Any CPU.ActiveCfg = Release|Any CPU
		{10CAADC8-9B3E-4D54-880C-92D26B99F5C0}.Release|Any CPU.Build.0 = Release|Any CPU
	EndGlobalSection
	GlobalSection(SolutionProperties) = preSolution
		HideSolutionNode = FALSE
	EndGlobalSection
EndGlobal
